{
  "name": "platforms_library",
  "version": "1.0.0",
  "lockfileVersion": 2,
  "requires": true,
  "packages": {
    "": {
      "name": "platforms_library",
      "version": "1.0.0",
      "license": "ISC",
      "dependencies": {
        "@ivadelina/platforms": "^1.0.0"
      }
    },
    "node_modules/@ivadelina/platforms": {
      "version": "1.0.0",
      "resolved": "https://npm.pkg.github.com/download/@ivadelina/platforms/1.0.0/0cfd80222e0ae0485ef55c9a911bd3ab2049f282595ad0c7a6036d21340bf588",
      "integrity": "sha512-+hVlSKjwMPv97A3v5s7MUB+6NWmeE/4DWzUH/6IRqHN9lZpQZFw7H355u2p6D9SJRegeCUMzH9H9sHc/ocE+kA==",
      "license": "ISC"
    }
  },
  "dependencies": {
    "@ivadelina/platforms": {
      "version": "1.0.0",
      "resolved": "https://npm.pkg.github.com/download/@ivadelina/platforms/1.0.0/0cfd80222e0ae0485ef55c9a911bd3ab2049f282595ad0c7a6036d21340bf588",
      "integrity": "sha512-+hVlSKjwMPv97A3v5s7MUB+6NWmeE/4DWzUH/6IRqHN9lZpQZFw7H355u2p6D9SJRegeCUMzH9H9sHc/ocE+kA=="
    }
  }
}
